
Microsoft Visual Studio Solution File, Format Version 12.00
# Visual Studio 2013
VisualStudioVersion = 12.0.21005.1
MinimumVisualStudioVersion = 10.0.40219.1
Project("{FAE04EC0-301F-11D3-BF4B-00C04F79EFBC}") = "ParameterSetttingUI", "ParameterSetttingUI\ParameterSetttingUI.csproj", "{EAF5B726-2133-4825-9371-072AB05007C9}"
EndProject
Global
	GlobalSection(SolutionConfigurationPlatforms) = preSolution
		Debug|Any CPU = Debug|Any CPU
		Release|Any CPU = Release|Any CPU
	EndGlobalSection
	GlobalSection(ProjectConfigurationPlatforms) = postSolution
		{EAF5B726-2133-4825-9371-072AB05007C9}.Debug|Any CPU.ActiveCfg = Debug|Any CPU
		{EAF5B726-2133-4825-9371-072AB05007C9}.Debug|Any CPU.Build.0 = Debug|Any CPU
		{EAF5B726-2133-4825-9371-072AB05007C9}.Release|Any CPU.ActiveCfg = Release|Any CPU
		{EAF5B726-2133-4825-9371-072AB05007C9}.Release|Any CPU.Build.0 = Release|Any CPU
	EndGlobalSection
	GlobalSection(SolutionProperties) = preSolution
		HideSolutionNode = FALSE
	EndGlobalSection
EndGlobal
